
Microsoft Visual Studio Solution File, Format Version 12.00
# Visual Studio Version 17
VisualStudioVersion = 17.0.32126.317
MinimumVisualStudioVersion = 10.0.40219.1
Project("{FAE04EC0-301F-11D3-BF4B-00C04F79EFBC}") = "FunctionsOpenTelemetry", "FunctionsOpenTelemetry\FunctionsOpenTelemetry.csproj", "{D47F37A5-C85E-45AC-979E-ADB0019DFEB3}"
EndProject
Global
	GlobalSection(SolutionConfigurationPlatforms) = preSolution
		Debug|Any CPU = Debug|Any CPU
		Release|Any CPU = Release|Any CPU
	EndGlobalSection
	GlobalSection(ProjectConfigurationPlatforms) = postSolution
		{D47F37A5-C85E-45AC-979E-ADB0019DFEB3}.Debug|Any CPU.ActiveCfg = Debug|Any CPU
		{D47F37A5-C85E-45AC-979E-ADB0019DFEB3}.Debug|Any CPU.Build.0 = Debug|Any CPU
		{D47F37A5-C85E-45AC-979E-ADB0019DFEB3}.Release|Any CPU.ActiveCfg = Release|Any CPU
		{D47F37A5-C85E-45AC-979E-ADB0019DFEB3}.Release|Any CPU.Build.0 = Release|Any CPU
	EndGlobalSection
	GlobalSection(SolutionProperties) = preSolution
		HideSolutionNode = FALSE
	EndGlobalSection
	GlobalSection(ExtensibilityGlobals) = postSolution
		SolutionGuid = {C10D73CA-A128-410A-8641-BC120C3E0D11}
	EndGlobalSection
EndGlobal
